
Microsoft Visual Studio Solution File, Format Version 12.00
# Visual Studio 15
VisualStudioVersion = 15.0.27004.2002
MinimumVisualStudioVersion = 10.0.40219.1
Project("{FAE04EC0-301F-11D3-BF4B-00C04F79EFBC}") = "Cnsapp", "Cnsapp\Cnsapp.csproj", "{ACCED152-76CA-4D4D-A0A5-8B08E7ADEBC4}"
EndProject
Global
	GlobalSection(SolutionConfigurationPlatforms) = preSolution
		Debug|Any CPU = Debug|Any CPU
		Release|Any CPU = Release|Any CPU
	EndGlobalSection
	GlobalSection(ProjectConfigurationPlatforms) = postSolution
		{ACCED152-76CA-4D4D-A0A5-8B08E7ADEBC4}.Debug|Any CPU.ActiveCfg = Debug|Any CPU
		{ACCED152-76CA-4D4D-A0A5-8B08E7ADEBC4}.Debug|Any CPU.Build.0 = Debug|Any CPU
		{ACCED152-76CA-4D4D-A0A5-8B08E7ADEBC4}.Release|Any CPU.ActiveCfg = Release|Any CPU
		{ACCED152-76CA-4D4D-A0A5-8B08E7ADEBC4}.Release|Any CPU.Build.0 = Release|Any CPU
	EndGlobalSection
	GlobalSection(SolutionProperties) = preSolution
		HideSolutionNode = FALSE
	EndGlobalSection
	GlobalSection(ExtensibilityGlobals) = postSolution
		SolutionGuid = {6D31C174-BABD-4739-A334-30561B935E5E}
	EndGlobalSection
EndGlobal
